
Microsoft Visual Studio Solution File, Format Version 12.00
# Visual Studio 2017
Project("{FAE04EC0-301F-11D3-BF4B-00C04F79EFBC}") = "AugmentalSandbox", "AugmentalSandbox.csproj", "{E4724DF3-E1B7-D705-5717-9E9A56C98947}"
EndProject
Project("{FAE04EC0-301F-11D3-BF4B-00C04F79EFBC}") = "AugmentalSandbox.Editor", "AugmentalSandbox.Editor.csproj", "{6A054269-8A3A-8D45-8F60-A3ABF90097FB}"
EndProject
Global
	GlobalSection(SolutionConfigurationPlatforms) = preSolution
		Debug|Any CPU = Debug|Any CPU
		Release|Any CPU = Release|Any CPU
	EndGlobalSection
	GlobalSection(ProjectConfigurationPlatforms) = postSolution
		{E4724DF3-E1B7-D705-5717-9E9A56C98947}.Debug|Any CPU.ActiveCfg = Debug|Any CPU
		{E4724DF3-E1B7-D705-5717-9E9A56C98947}.Debug|Any CPU.Build.0 = Debug|Any CPU
		{E4724DF3-E1B7-D705-5717-9E9A56C98947}.Release|Any CPU.ActiveCfg = Release|Any CPU
		{E4724DF3-E1B7-D705-5717-9E9A56C98947}.Release|Any CPU.Build.0 = Release|Any CPU
		{6A054269-8A3A-8D45-8F60-A3ABF90097FB}.Debug|Any CPU.ActiveCfg = Debug|Any CPU
		{6A054269-8A3A-8D45-8F60-A3ABF90097FB}.Debug|Any CPU.Build.0 = Debug|Any CPU
		{6A054269-8A3A-8D45-8F60-A3ABF90097FB}.Release|Any CPU.ActiveCfg = Release|Any CPU
		{6A054269-8A3A-8D45-8F60-A3ABF90097FB}.Release|Any CPU.Build.0 = Release|Any CPU
	EndGlobalSection
	GlobalSection(SolutionProperties) = preSolution
		HideSolutionNode = FALSE
	EndGlobalSection
EndGlobal
